// !$*UTF8*$!
{
	archiveVersion = 1;
	classes = {
	};
	objectVersion = 46;
	objects = {

/* Begin PBXBuildFile section */
		832FC20B1DD4080E009A9274 /* MRSheetView.m in Sources */ = {isa = PBXBuildFile; fileRef = 832FC20A1DD4080E009A9274 /* MRSheetView.m */; };
		833D94BD1D9A04FE0007A55C /* main.m in Sources */ = {isa = PBXBuildFile; fileRef = 833D94BC1D9A04FE0007A55C /* main.m */; };
		833D94C01D9A04FE0007A55C /* AppDelegate.m in Sources */ = {isa = PBXBuildFile; fileRef = 833D94BF1D9A04FE0007A55C /* AppDelegate.m */; };
		833D94C31D9A04FE0007A55C /* ViewController.m in Sources */ = {isa = PBXBuildFile; fileRef = 833D94C21D9A04FE0007A55C /* ViewController.m */; };
		833D94C61D9A04FE0007A55C /* Main.storyboard in Resources */ = {isa = PBXBuildFile; fileRef = 833D94C41D9A04FE0007A55C /* Main.storyboard */; };
		833D94C81D9A04FE0007A55C /* Assets.xcassets in Resources */ = {isa = PBXBuildFile; fileRef = 833D94C71D9A04FE0007A55C /* Assets.xcassets */; };
		833D94CB1D9A04FE0007A55C /* LaunchScreen.storyboard in Resources */ = {isa = PBXBuildFile; fileRef = 833D94C91D9A04FE0007A55C /* LaunchScreen.storyboard */; };
		833D94D41D9A05B30007A55C /* MRTablePopView.m in Sources */ = {isa = PBXBuildFile; fileRef = 833D94D31D9A05B30007A55C /* MRTablePopView.m */; };
		C757C1F71E77F09E0042517B /* ReadMe in Resources */ = {isa = PBXBuildFile; fileRef = C757C1F61E77F09E0042517B /* ReadMe */; };
/* End PBXBuildFile section */

/* Begin PBXFileReference section */
		832FC2091DD4080E009A9274 /* MRSheetView.h */ = {isa = PBXFileReference; fileEncoding = 4; lastKnownFileType = sourcecode.c.h; path = MRSheetView.h; sourceTree = "<group>"; };
		832FC20A1DD4080E009A9274 /* MRSheetView.m */ = {isa = PBXFileReference; fileEncoding = 4; lastKnownFileType = sourcecode.c.objc; path = MRSheetView.m; sourceTree = "<group>"; };
		833D94B81D9A04FE0007A55C /* MRTablePopView.app */ = {isa = PBXFileReference; explicitFileType = wrapper.application; includeInIndex = 0; path = MRTablePopView.app; sourceTree = BUILT_PRODUCTS_DIR; };
		833D94BC1D9A04FE0007A55C /* main.m */ = {isa = PBXFileReference; lastKnownFileType = sourcecode.c.objc; path = main.m; sourceTree = "<group>"; };
		833D94BE1D9A04FE0007A55C /* AppDelegate.h */ = {isa = PBXFileReference; lastKnownFileType = sourcecode.c.h; path = AppDelegate.h; sourceTree = "<group>"; };
		833D94BF1D9A04FE0007A55C /* AppDelegate.m */ = {isa = PBXFileReference; lastKnownFileType = sourcecode.c.objc; path = AppDelegate.m; sourceTree = "<group>"; };
		833D94C11D9A04FE0007A55C /* ViewController.h */ = {isa = PBXFileReference; lastKnownFileType = sourcecode.c.h; path = ViewController.h; sourceTree = "<group>"; };
		833D94C21D9A04FE0007A55C /* ViewController.m */ = {isa = PBXFileReference; lastKnownFileType = sourcecode.c.objc; path = ViewController.m; sourceTree = "<group>"; };
		833D94C51D9A04FE0007A55C /* Base */ = {isa = PBXFileReference; lastKnownFileType = file.storyboard; name = Base; path = Base.lproj/Main.storyboard; sourceTree = "<group>"; };
		833D94C71D9A04FE0007A55C /* Assets.xcassets */ = {isa = PBXFileReference; lastKnownFileType = folder.assetcatalog; path = Assets.xcassets; sourceTree = "<group>"; };
		833D94CA1D9A04FE0007A55C /* Base */ = {isa = PBXFileReference; lastKnownFileType = file.storyboard; name = Base; path = Base.lproj/LaunchScreen.storyboard; sourceTree = "<group>"; };
		833D94CC1D9A04FE0007A55C /* Info.plist */ = {isa = PBXFileReference; lastKnownFileType = text.plist.xml; path = Info.plist; sourceTree = "<group>"; };
		833D94D21D9A05B30007A55C /* MRTablePopView.h */ = {isa = PBXFileReference; fileEncoding = 4; lastKnownFileType = sourcecode.c.h; path = MRTablePopView.h; sourceTree = "<group>"; };
		833D94D31D9A05B30007A55C /* MRTablePopView.m */ = {isa = PBXFileReference; fileEncoding = 4; lastKnownFileType = sourcecode.c.objc; path = MRTablePopView.m; sourceTree = "<group>"; };
		C757C1F61E77F09E0042517B /* ReadMe */ = {isa = PBXFileReference; fileEncoding = 4; lastKnownFileType = text; path = ReadMe; sourceTree = "<group>"; };
/* End PBXFileReference section */

/* Begin PBXFrameworksBuildPhase section */
		833D94B51D9A04FE0007A55C /* Frameworks */ = {
			isa = PBXFrameworksBuildPhase;
			buildActionMask = 2147483647;
			files = (
			);
			runOnlyForDeploymentPostprocessing = 0;
		};
/* End PBXFrameworksBuildPhase section */

/* Begin PBXGroup section */
		833D94AF1D9A04FD0007A55C = {
			isa = PBXGroup;
			children = (
				833D94BA1D9A04FE0007A55C /* MRTablePopView */,
				833D94B91D9A04FE0007A55C /* Products */,
			);
			sourceTree = "<group>";
		};
		833D94B91D9A04FE0007A55C /* Products */ = {
			isa = PBXGroup;
			children = (
				833D94B81D9A04FE0007A55C /* MRTablePopView.app */,
			);
			name = Products;
			sourceTree = "<group>";
		};
		833D94BA1D9A04FE0007A55C /* MRTablePopView */ = {
			isa = PBXGroup;
			children = (
				833D94BE1D9A04FE0007A55C /* AppDelegate.h */,
				833D94BF1D9A04FE0007A55C /* AppDelegate.m */,
				833D94C11D9A04FE0007A55C /* ViewController.h */,
				833D94C21D9A04FE0007A55C /* ViewController.m */,
				833D94D21D9A05B30007A55C /* MRTablePopView.h */,
				833D94D31D9A05B30007A55C /* MRTablePopView.m */,
				832FC2091DD4080E009A9274 /* MRSheetView.h */,
				832FC20A1DD4080E009A9274 /* MRSheetView.m */,
				833D94C41D9A04FE0007A55C /* Main.storyboard */,
				833D94C71D9A04FE0007A55C /* Assets.xcassets */,
				833D94C91D9A04FE0007A55C /* LaunchScreen.storyboard */,
				833D94CC1D9A04FE0007A55C /* Info.plist */,
				833D94BB1D9A04FE0007A55C /* Supporting Files */,
			);
			path = MRTablePopView;
			sourceTree = "<group>";
		};
		833D94BB1D9A04FE0007A55C /* Supporting Files */ = {
			isa = PBXGroup;
			children = (
				833D94BC1D9A04FE0007A55C /* main.m */,
				C757C1F61E77F09E0042517B /* ReadMe */,
			);
			name = "Supporting Files";
			sourceTree = "<group>";
		};
/* End PBXGroup section */

/* Begin PBXNativeTarget section */
		833D94B71D9A04FE0007A55C /* MRTablePopView */ = {
			isa = PBXNativeTarget;
			buildConfigurationList = 833D94CF1D9A04FE0007A55C /* Build configuration list for PBXNativeTarget "MRTablePopView" */;
			buildPhases = (
				833D94B41D9A04FE0007A55C /* Sources */,
				833D94B51D9A04FE0007A55C /* Frameworks */,
				833D94B61D9A04FE0007A55C /* Resources */,
			);
			buildRules = (
			);
			dependencies = (
			);
			name = MRTablePopView;
			productName = MRTablePopView;
			productReference = 833D94B81D9A04FE0007A55C /* MRTablePopView.app */;
			productType = "com.apple.product-type.application";
		};
/* End PBXNativeTarget section */

/* Begin PBXProject section */
		833D94B01D9A04FE0007A55C /* Project object */ = {
			isa = PBXProject;
			attributes = {
				LastUpgradeCheck = 0800;
				ORGANIZATIONNAME = estt;
				TargetAttributes = {
					833D94B71D9A04FE0007A55C = {
						CreatedOnToolsVersion = 8.0;
						ProvisioningStyle = Automatic;
					};
				};
			};
			buildConfigurationList = 833D94B31D9A04FE0007A55C /* Build configuration list for PBXProject "MRTablePopView" */;
			compatibilityVersion = "Xcode 3.2";
			developmentRegion = English;
			hasScannedForEncodings = 0;
			knownRegions = (
				en,
				Base,
			);
			mainGroup = 833D94AF1D9A04FD0007A55C;
			productRefGroup = 833D94B91D9A04FE0007A55C /* Products */;
			projectDirPath = "";
			projectRoot = "";
			targets = (
				833D94B71D9A04FE0007A55C /* MRTablePopView */,
			);
		};
/* End PBXProject section */

/* Begin PBXResourcesBuildPhase section */
		833D94B61D9A04FE0007A55C /* Resources */ = {
			isa = PBXResourcesBuildPhase;
			buildActionMask = 2147483647;
			files = (
				C757C1F71E77F09E0042517B /* ReadMe in Resources */,
				833D94CB1D9A04FE0007A55C /* LaunchScreen.storyboard in Resources */,
				833D94C81D9A04FE0007A55C /* Assets.xcassets in Resources */,
				833D94C61D9A04FE0007A55C /* Main.storyboard in Resources */,
			);
			runOnlyForDeploymentPostprocessing = 0;
		};
/* End PBXResourcesBuildPhase section */

/* Begin PBXSourcesBuildPhase section */
		833D94B41D9A04FE0007A55C /* Sources */ = {
			isa = PBXSourcesBuildPhase;
			buildActionMask = 2147483647;
			files = (
				832FC20B1DD4080E009A9274 /* MRSheetView.m in Sources */,
				833D94D41D9A05B30007A55C /* MRTablePopView.m in Sources */,
				833D94C31D9A04FE0007A55C /* ViewController.m in Sources */,
				833D94C01D9A04FE0007A55C /* AppDelegate.m in Sources */,
				833D94BD1D9A04FE0007A55C /* main.m in Sources */,
			);
			runOnlyForDeploymentPostprocessing = 0;
		};
/* End PBXSourcesBuildPhase section */

/* Begin PBXVariantGroup section */
		833D94C41D9A04FE0007A55C /* Main.storyboard */ = {
			isa = PBXVariantGroup;
			children = (
				833D94C51D9A04FE0007A55C /* Base */,
			);
			name = Main.storyboard;
			sourceTree = "<group>";
		};
		833D94C91D9A04FE0007A55C /* LaunchScreen.storyboard */ = {
			isa = PBXVariantGroup;
			children = (
				833D94CA1D9A04FE0007A55C /* Base */,
			);
			name = LaunchScreen.storyboard;
			sourceTree = "<group>";
		};
/* End PBXVariantGroup section */

/* Begin XCBuildConfiguration section */
		833D94CD1D9A04FE0007A55C /* Debug */ = {
			isa = XCBuildConfiguration;
			buildSettings = {
				ALWAYS_SEARCH_USER_PATHS = NO;
				CLANG_ANALYZER_NONNULL = YES;
				CLANG_CXX_LANGUAGE_STANDARD = "gnu++0x";
				CLANG_CXX_LIBRARY = "libc++";
				CLANG_ENABLE_MODULES = YES;
				CLANG_ENABLE_OBJC_ARC = YES;
				CLANG_WARN_BOOL_CONVERSION = YES;
				CLANG_WARN_CONSTANT_CONVERSION = YES;
				CLANG_WARN_DIRECT_OBJC_ISA_USAGE = YES_ERROR;
				CLANG_WARN_DOCUMENTATION_COMMENTS = YES;
				CLANG_WARN_EMPTY_BODY = YES;
				CLANG_WARN_ENUM_CONVERSION = YES;
				CLANG_WARN_INFINITE_RECURSION = YES;
				CLANG_WARN_INT_CONVERSION = YES;
				CLANG_WARN_OBJC_ROOT_CLASS = YES_ERROR;
				CLANG_WARN_SUSPICIOUS_MOVES = YES;
				CLANG_WARN_UNREACHABLE_CODE = YES;
				CLANG_WARN__DUPLICATE_METHOD_MATCH = YES;
				"CODE_SIGN_IDENTITY[sdk=iphoneos*]" = "iPhone Developer";
				COPY_PHASE_STRIP = NO;
				DEBUG_INFORMATION_FORMAT = dwarf;
				ENABLE_STRICT_OBJC_MSGSEND = YES;
				ENABLE_TESTABILITY = YES;
				GCC_C_LANGUAGE_STANDARD = gnu99;
				GCC_DYNAMIC_NO_PIC = NO;
				GCC_NO_COMMON_BLOCKS = YES;
				GCC_OPTIMIZATION_LEVEL = 0;
				GCC_PREPROCESSOR_DEFINITIONS = (
					"DEBUG=1",
					"$(inherited)",
				);
				GCC_WARN_64_TO_32_BIT_CONVERSION = YES;
				GCC_WARN_ABOUT_RETURN_TYPE = YES_ERROR;
				GCC_WARN_UNDECLARED_SELECTOR = YES;
				GCC_WARN_UNINITIALIZED_AUTOS = YES_AGGRESSIVE;
				GCC_WARN_UNUSED_FUNCTION = YES;
				GCC_WARN_UNUSED_VARIABLE = YES;
				IPHONEOS_DEPLOYMENT_TARGET = 10.0;
				MTL_ENABLE_DEBUG_INFO = YES;
				ONLY_ACTIVE_ARCH = YES;
				SDKROOT = iphoneos;
			};
			name = Debug;
		};
		833D94CE1D9A04FE0007A55C /* Release */ = {
			isa = XCBuildConfiguration;
			buildSettings = {
				ALWAYS_SEARCH_USER_PATHS = NO;
				CLANG_ANALYZER_NONNULL = YES;
				CLANG_CXX_LANGUAGE_STANDARD = "gnu++0x";
				CLANG_CXX_LIBRARY = "libc++";
				CLANG_ENABLE_MODULES = YES;
				CLANG_ENABLE_OBJC_ARC = YES;
				CLANG_WARN_BOOL_CONVERSION = YES;
				CLANG_WARN_CONSTANT_CONVERSION = YES;
				CLANG_WARN_DIRECT_OBJC_ISA_USAGE = YES_ERROR;
				CLANG_WARN_DOCUMENTATION_COMMENTS = YES;
				CLANG_WARN_EMPTY_BODY = YES;
				CLANG_WARN_ENUM_CONVERSION = YES;
				CLANG_WARN_INFINITE_RECURSION = YES;
				CLANG_WARN_INT_CONVERSION = YES;
				CLANG_WARN_OBJC_ROOT_CLASS = YES_ERROR;
				CLANG_WARN_SUSPICIOUS_MOVES = YES;
				CLANG_WARN_UNREACHABLE_CODE = YES;
				CLANG_WARN__DUPLICATE_METHOD_MATCH = YES;
				"CODE_SIGN_IDENTITY[sdk=iphoneos*]" = "iPhone Developer";
				COPY_PHASE_STRIP = NO;
				DEBUG_INFORMATION_FORMAT = "dwarf-with-dsym";
				ENABLE_NS_ASSERTIONS = NO;
				ENABLE_STRICT_OBJC_MSGSEND = YES;
				GCC_C_LANGUAGE_STANDARD = gnu99;
				GCC_NO_COMMON_BLOCKS = YES;
				GCC_WARN_64_TO_32_BIT_CONVERSION = YES;
				GCC_WARN_ABOUT_RETURN_TYPE = YES_ERROR;
				GCC_WARN_UNDECLARED_SELECTOR = YES;
				GCC_WARN_UNINITIALIZED_AUTOS = YES_AGGRESSIVE;
				GCC_WARN_UNUSED_FUNCTION = YES;
				GCC_WARN_UNUSED_VARIABLE = YES;
				IPHONEOS_DEPLOYMENT_TARGET = 10.0;
				MTL_ENABLE_DEBUG_INFO = NO;
				SDKROOT = iphoneos;
				VALIDATE_PRODUCT = YES;
			};
			name = Release;
		};
		833D94D01D9A04FE0007A55C /* Debug */ = {
			isa = XCBuildConfiguration;
			buildSettings = {
				ASSETCATALOG_COMPILER_APPICON_NAME = AppIcon;
				INFOPLIST_FILE = MRTablePopView/Info.plist;
				LD_RUNPATH_SEARCH_PATHS = "$(inherited) @executable_path/Frameworks";
				PRODUCT_BUNDLE_IDENTIFIER = com.estt.MRTablePopView;
				PRODUCT_NAME = "$(TARGET_NAME)";
			};
			name = Debug;
		};
		833D94D11D9A04FE0007A55C /* Release */ = {
			isa = XCBuildConfiguration;
			buildSettings = {
				ASSETCATALOG_COMPILER_APPICON_NAME = AppIcon;
				INFOPLIST_FILE = MRTablePopView/Info.plist;
				LD_RUNPATH_SEARCH_PATHS = "$(inherited) @executable_path/Frameworks";
				PRODUCT_BUNDLE_IDENTIFIER = com.estt.MRTablePopView;
				PRODUCT_NAME = "$(TARGET_NAME)";
			};
			name = Release;
		};
/* End XCBuildConfiguration section */

/* Begin XCConfigurationList section */
		833D94B31D9A04FE0007A55C /* Build configuration list for PBXProject "MRTablePopView" */ = {
			isa = XCConfigurationList;
			buildConfigurations = (
				833D94CD1D9A04FE0007A55C /* Debug */,
				833D94CE1D9A04FE0007A55C /* Release */,
			);
			defaultConfigurationIsVisible = 0;
			defaultConfigurationName = Release;
		};
		833D94CF1D9A04FE0007A55C /* Build configuration list for PBXNativeTarget "MRTablePopView" */ = {
			isa = XCConfigurationList;
			buildConfigurations = (
				833D94D01D9A04FE0007A55C /* Debug */,
				833D94D11D9A04FE0007A55C /* Release */,
			);
			defaultConfigurationIsVisible = 0;
			defaultConfigurationName = Release;
		};
/* End XCConfigurationList section */
	};
	rootObject = 833D94B01D9A04FE0007A55C /* Project object */;
}
